# This file is autogenerated, do not edit; changes may be undone by the next 'dep ensure'.


[[projects]]
  branch = "master"
  name = "github.com/chrislusf/glow"
  packages = [
    "flow",
    "netchan",
    "netchan/receiver",
    "netchan/sender",
    "resource",
    "resource/service_discovery/client",
    "resource/service_discovery/master",
    "util"
  ]
  revision = "1121db486076a62840ab82fe4a282564c92cb8f7"

[[projects]]
  branch = "master"
  name = "github.com/psilva261/timsort"
  packages = ["."]
  revision = "4537dc9bd679bfb730b72f2e8c33b46676521337"

[solve-meta]
  analyzer-name = "dep"
  analyzer-version = 1
  inputs-digest = "9b09d7e765bfa5686dbb9aebe7e8a9a52af99a0e0558a627b15ef141cecf9459"
  solver-name = "gps-cdcl"
  solver-version = 1
