# This file is autogenerated, do not edit; changes may be undone by the next 'dep ensure'.


[[projects]]
  name = "github.com/go-stack/stack"
  packages = ["."]
  revision = "259ab82a6cad3992b4e21ff5cac294ccb06474bc"
  version = "v1.7.0"

[[projects]]
  name = "github.com/mongodb/mongo-go-driver"
  packages = ["bson","bson/builder","bson/decimal","bson/elements","bson/internal/jsonparser","bson/objectid","bson/parser","bson/parser/ast","core/address","core/auth","core/auth/internal/gssapi","core/command","core/connection","core/connstring","core/description","core/dispatch","core/option","core/readconcern","core/readpref","core/result","core/tag","core/topology","core/version","core/wiremessage","core/writeconcern","internal","mongo"]
  revision = "de03a35e8661ae6df623f41ec8f616ffd8ef6131"
  version = "v0.0.6"

[[projects]]
  branch = "master"
  name = "golang.org/x/crypto"
  packages = ["pbkdf2"]
  revision = "8ac0e0d97ce45cd83d1d7243c060cb8461dda5e9"

[[projects]]
  branch = "master"
  name = "golang.org/x/net"
  packages = ["context"]
  revision = "1e491301e022f8f977054da4c2d852decd59571f"

[[projects]]
  branch = "master"
  name = "golang.org/x/sync"
  packages = ["semaphore"]
  revision = "1d60e4601c6fd243af51cc01ddf169918a5407ca"

[solve-meta]
  analyzer-name = "dep"
  analyzer-version = 1
  inputs-digest = "728ba9ea529db419685908a0a3d742406b3671e8ee0a2366114049877b9a634f"
  solver-name = "gps-cdcl"
  solver-version = 1
