# This file is autogenerated, do not edit; changes may be undone by the next 'dep ensure'.


[[projects]]
  name = "github.com/Microsoft/go-winio"
  packages = ["."]
  revision = "7da180ee92d8bd8bb8c37fc560e673e6557c392f"
  version = "v0.4.7"

[[projects]]
  name = "github.com/go-mangos/mangos"
  packages = [
    ".",
    "protocol/pair",
    "transport/ipc",
    "transport/tcp"
  ]
  revision = "41a23037e0d3df33c94236ef5841bf8ea6061267"
  version = "v1.3.0"

[[projects]]
  branch = "master"
  name = "golang.org/x/sys"
  packages = ["windows"]
  revision = "9527bec2660bd847c050fda93a0f0c6dee0800bb"

[solve-meta]
  analyzer-name = "dep"
  analyzer-version = 1
  inputs-digest = "bef78529b1337cc9dd500c4f86b74bd4c0e6f73d40ed1d037333a8e1f0f9b1db"
  solver-name = "gps-cdcl"
  solver-version = 1
