# This file is autogenerated, do not edit; changes may be undone by the next 'dep ensure'.


[[projects]]
  name = "github.com/spiral/goridge"
  packages = ["."]
  revision = "f60182bef09f1e45a47908e1f0fb080affdcab81"
  version = "v2.0.0"

[solve-meta]
  analyzer-name = "dep"
  analyzer-version = 1
  inputs-digest = "e3b2c742321f0b03f8fb86984ed93328d1982f8e922af945f2c782f287561f89"
  solver-name = "gps-cdcl"
  solver-version = 1
