# This file is autogenerated, do not edit; changes may be undone by the next 'dep ensure'.


[[projects]]
  branch = "master"
  digest = "1:20c80a9793a69f161b93570d2fb679d47988c048bf1d85cbc671185cd364f14e"
  name = "github.com/exu/go-workshops-package-1"
  packages = ["somevars"]
  pruneopts = "UT"
  revision = "fff2a9192e713713dc1c207616568c880fd65f07"

[solve-meta]
  analyzer-name = "dep"
  analyzer-version = 1
  input-imports = ["github.com/exu/go-workshops-package-1/somevars"]
  solver-name = "gps-cdcl"
  solver-version = 1
