# This file is autogenerated, do not edit; changes may be undone by the next 'dep ensure'.


[[projects]]
  branch = "master"
  name = "github.com/exu/go-workshops-package-1"
  packages = ["somevars"]
  revision = "dc01e1214a168e09217e7405f1b4928a083fe433"

[solve-meta]
  analyzer-name = "dep"
  analyzer-version = 1
  inputs-digest = "ab7638aea6b092b50e5cbe2e9d28b8b8cdd8fe148dd9f74c38be9079d9ddc00f"
  solver-name = "gps-cdcl"
  solver-version = 1
