# This file is autogenerated, do not edit; changes may be undone by the next 'dep ensure'.


[[projects]]
  branch = "master"
  name = "github.com/gosuri/uilive"
  packages = ["."]
  revision = "ac356e6e42cd31fcef8e6aec13ae9ed6fe87713e"

[[projects]]
  branch = "master"
  name = "github.com/gosuri/uiprogress"
  packages = [
    ".",
    "util/strutil"
  ]
  revision = "d0567a9d84a1c40dd7568115ea66f4887bf57b33"

[[projects]]
  name = "github.com/mattn/go-isatty"
  packages = ["."]
  revision = "0360b2af4f38e8d38c7fce2a9f4e702702d73a39"
  version = "v0.0.3"

[[projects]]
  branch = "master"
  name = "golang.org/x/sys"
  packages = ["unix"]
  revision = "c4afb3effaa53fd9a06ca61262dc7ce8df4c081b"

[solve-meta]
  analyzer-name = "dep"
  analyzer-version = 1
  inputs-digest = "40ae35cde258ef2afe44d7df4763a3c8c6be644955fbeec4b48c1049de0f1889"
  solver-name = "gps-cdcl"
  solver-version = 1
