# This file is autogenerated, do not edit; changes may be undone by the next 'dep ensure'.


[[projects]]
  branch = "master"
  name = "github.com/bmizerany/perks"
  packages = ["quantile"]
  revision = "d9a9656a3a4b1c2864fdb44db2ef8619772d92aa"

[solve-meta]
  analyzer-name = "dep"
  analyzer-version = 1
  inputs-digest = "d97b2fefd7867fab33eac9a104f75d192fa4d7a2e239f74f5b16e359928e831b"
  solver-name = "gps-cdcl"
  solver-version = 1
