# This file is autogenerated, do not edit; changes may be undone by the next 'dep ensure'.


[[projects]]
  name = "github.com/awalterschulze/gographviz"
  packages = [".","ast","internal/errors","internal/lexer","internal/parser","internal/token"]
  revision = "c84395e536e1a1199093a4e6253d1bee99e4cd2a"
  version = "v2.0"

[solve-meta]
  analyzer-name = "dep"
  analyzer-version = 1
  inputs-digest = "cb9ee6b1800a80665c6d3c431cea025fd8726f9f44e607a5f259e013dd4e8cec"
  solver-name = "gps-cdcl"
  solver-version = 1
