# This file is autogenerated, do not edit; changes may be undone by the next 'dep ensure'.


[[projects]]
  name = "go.uber.org/zap"
  packages = ["."]
  revision = "72313cde80537dd4dc9b7b80eda6d7ed796c4232"
  version = "v1.0.0-rc.1"

[[projects]]
  name = "go.uber.org/atomic"
  packages = ["."]
  revision = "9e99152552a6ce13fa3b2ce4a9c4fb117cca4506"

[[projects]]
  name = "go.uber.org/zap"
  packages = [
    "buffer",
    "internal/bufferpool",
    "internal/exit",
    "internal/multierror",
    "zapcore"
  ]
  revision = "72313cde80537dd4dc9b7b80eda6d7ed796c4232"
  version = "v1.0.0-rc.1"

[solve-meta]
  analyzer-name = "dep"
  analyzer-version = 1
  inputs-digest = "7f1a0906c43841b468a2778dbb64aa155608e367b918e0a5f252466b30ad6d5c"
  solver-name = "gps-cdcl"
  solver-version = 1
