# This file is autogenerated, do not edit; changes may be undone by the next 'dep ensure'.


[[projects]]
  branch = "master"
  name = "github.com/gen2brain/beeep"
  packages = ["."]
  revision = "50a63a26474c92b233368befa7c3107168891766"

[[projects]]
  name = "github.com/godbus/dbus"
  packages = ["."]
  revision = "a389bdde4dd695d414e47b755e95e72b7826432c"
  version = "v4.1.0"

[[projects]]
  branch = "master"
  name = "github.com/gopherjs/gopherjs"
  packages = ["js"]
  revision = "444abdf920945de5d4a977b572bcc6c674d1e4eb"

[solve-meta]
  analyzer-name = "dep"
  analyzer-version = 1
  inputs-digest = "081936a402a772bd4d26854d3e95d849992a7018093c4cdca8f9c9f0388c48a8"
  solver-name = "gps-cdcl"
  solver-version = 1
