hash: bb1426b0dc13bbe274617e4a3454ba1f3e40e010b0db43eda3366d32da469484
updated: 2017-07-27T12:08:52.803632442+02:00
imports:
- name: github.com/nlopes/slack
  version: c86337c0ef2486a15edd804355d9c73d2f2caed1
- name: golang.org/x/net
  version: f5079bd7f6f74e23c4d65efa0f4ce14cbd6a3c0f
  subpackages:
  - websocket
testImports: []
